
Microsoft Visual Studio Solution File, Format Version 12.00
# Visual Studio Version 17
VisualStudioVersion = 17.13.35818.85 d17.13
MinimumVisualStudioVersion = 10.0.40219.1
Project("{FAE04EC0-301F-11D3-BF4B-00C04F79EFBC}") = "jurnalmodul6_103022300104", "jurnalmodul6_103022300104\jurnalmodul6_103022300104.csproj", "{3A7AEAC9-EF63-409F-B71D-38157561ECDA}"
EndProject
Global
	GlobalSection(SolutionConfigurationPlatforms) = preSolution
		Debug|Any CPU = Debug|Any CPU
		Release|Any CPU = Release|Any CPU
	EndGlobalSection
	GlobalSection(ProjectConfigurationPlatforms) = postSolution
		{3A7AEAC9-EF63-409F-B71D-38157561ECDA}.Debug|Any CPU.ActiveCfg = Debug|Any CPU
		{3A7AEAC9-EF63-409F-B71D-38157561ECDA}.Debug|Any CPU.Build.0 = Debug|Any CPU
		{3A7AEAC9-EF63-409F-B71D-38157561ECDA}.Release|Any CPU.ActiveCfg = Release|Any CPU
		{3A7AEAC9-EF63-409F-B71D-38157561ECDA}.Release|Any CPU.Build.0 = Release|Any CPU
	EndGlobalSection
	GlobalSection(SolutionProperties) = preSolution
		HideSolutionNode = FALSE
	EndGlobalSection
	GlobalSection(ExtensibilityGlobals) = postSolution
		SolutionGuid = {5B7BE08B-6C4B-410A-8F88-E4F6CFA1F10E}
	EndGlobalSection
EndGlobal
